<Solution>
  <Folder Name="/src/">
    <Project Path="src/Wordwright.App/Wordwright.App.csproj" />
    <Project Path="src/Wordwright.Core/Wordwright.Core.csproj" />
    <Project Path="src/Wordwright.Platform/Wordwright.Platform.csproj" />
  </Folder>
  <Folder Name="/tests/">
    <Project Path="tests/Wordwright.Core.Tests/Wordwright.Core.Tests.csproj" />
  </Folder>
</Solution>
